
Microsoft Visual Studio Solution File, Format Version 12.00
# Visual Studio 15
VisualStudioVersion = 15.0.27428.2005
MinimumVisualStudioVersion = 10.0.40219.1
Project("{FAE04EC0-301F-11D3-BF4B-00C04F79EFBC}") = "Week_07_WPF_EF", "Week_07_WPF_EF\Week_07_WPF_EF.csproj", "{6AC7523C-3E7B-46FC-92E7-B995FFAAEA73}"
EndProject
Global
	GlobalSection(SolutionConfigurationPlatforms) = preSolution
		Debug|Any CPU = Debug|Any CPU
		Release|Any CPU = Release|Any CPU
	EndGlobalSection
	GlobalSection(ProjectConfigurationPlatforms) = postSolution
		{6AC7523C-3E7B-46FC-92E7-B995FFAAEA73}.Debug|Any CPU.ActiveCfg = Debug|Any CPU
		{6AC7523C-3E7B-46FC-92E7-B995FFAAEA73}.Debug|Any CPU.Build.0 = Debug|Any CPU
		{6AC7523C-3E7B-46FC-92E7-B995FFAAEA73}.Release|Any CPU.ActiveCfg = Release|Any CPU
		{6AC7523C-3E7B-46FC-92E7-B995FFAAEA73}.Release|Any CPU.Build.0 = Release|Any CPU
	EndGlobalSection
	GlobalSection(SolutionProperties) = preSolution
		HideSolutionNode = FALSE
	EndGlobalSection
	GlobalSection(ExtensibilityGlobals) = postSolution
		SolutionGuid = {94618FBE-1E51-4321-A405-624DE20CA196}
	EndGlobalSection
EndGlobal
